
Microsoft Visual Studio Solution File, Format Version 12.00
# Visual Studio 15
VisualStudioVersion = 15.0.26228.9
MinimumVisualStudioVersion = 10.0.40219.1
Project("{FAE04EC0-301F-11D3-BF4B-00C04F79EFBC}") = "HelloWorldXamarinForms.Android", "HelloWorldXamarinForms\HelloWorldXamarinForms.Android\HelloWorldXamarinForms.Android.csproj", "{0D23138F-5814-40F5-9910-3EE7431C909F}"
EndProject
Project("{FAE04EC0-301F-11D3-BF4B-00C04F79EFBC}") = "HelloWorldXamarinForms", "HelloWorldXamarinForms\HelloWorldXamarinForms\HelloWorldXamarinForms.csproj", "{2CC8641D-AD4C-479C-8EC9-163B6F7AD60E}"
EndProject
Project("{FAE04EC0-301F-11D3-BF4B-00C04F79EFBC}") = "HelloWorldXamarinForms.UWP", "HelloWorldXamarinForms\HelloWorldXamarinForms.UWP\HelloWorldXamarinForms.UWP.csproj", "{E242869B-F364-4E04-9425-4F883DABF24E}"
EndProject
Project("{FAE04EC0-301F-11D3-BF4B-00C04F79EFBC}") = "HelloWorldXamarinForms.iOS", "HelloWorldXamarinForms\HelloWorldXamarinForms.iOS\HelloWorldXamarinForms.iOS.csproj", "{46211899-A7EB-4496-95BC-057997F5736B}"
EndProject
Global
	GlobalSection(SolutionConfigurationPlatforms) = preSolution
		Ad-Hoc|Any CPU = Ad-Hoc|Any CPU
		Ad-Hoc|ARM = Ad-Hoc|ARM
		Ad-Hoc|iPhone = Ad-Hoc|iPhone
		Ad-Hoc|iPhoneSimulator = Ad-Hoc|iPhoneSimulator
		Ad-Hoc|x64 = Ad-Hoc|x64
		Ad-Hoc|x86 = Ad-Hoc|x86
		AppStore|Any CPU = AppStore|Any CPU
		AppStore|ARM = AppStore|ARM
		AppStore|iPhone = AppStore|iPhone
		AppStore|iPhoneSimulator = AppStore|iPhoneSimulator
		AppStore|x64 = AppStore|x64
		AppStore|x86 = AppStore|x86
		Debug|Any CPU = Debug|Any CPU
		Debug|ARM = Debug|ARM
		Debug|iPhone = Debug|iPhone
		Debug|iPhoneSimulator = Debug|iPhoneSimulator
		Debug|x64 = Debug|x64
		Debug|x86 = Debug|x86
		Release|Any CPU = Release|Any CPU
		Release|ARM = Release|ARM
		Release|iPhone = Release|iPhone
		Release|iPhoneSimulator = Release|iPhoneSimulator
		Release|x64 = Release|x64
		Release|x86 = Release|x86
	EndGlobalSection
	GlobalSection(ProjectConfigurationPlatforms) = postSolution
		{0D23138F-5814-40F5-9910-3EE7431C909F}.Ad-Hoc|Any CPU.ActiveCfg = Release|Any CPU
		{0D23138F-5814-40F5-9910-3EE7431C909F}.Ad-Hoc|Any CPU.Build.0 = Release|Any CPU
		{0D23138F-5814-40F5-9910-3EE7431C909F}.Ad-Hoc|Any CPU.Deploy.0 = Release|Any CPU
		{0D23138F-5814-40F5-9910-3EE7431C909F}.Ad-Hoc|ARM.ActiveCfg = Release|Any CPU
		{0D23138F-5814-40F5-9910-3EE7431C909F}.Ad-Hoc|ARM.Build.0 = Release|Any CPU
		{0D23138F-5814-40F5-9910-3EE7431C909F}.Ad-Hoc|ARM.Deploy.0 = Release|Any CPU
		{0D23138F-5814-40F5-9910-3EE7431C909F}.Ad-Hoc|iPhone.ActiveCfg = Release|Any CPU
		{0D23138F-5814-40F5-9910-3EE7431C909F}.Ad-Hoc|iPhone.Build.0 = Release|Any CPU
		{0D23138F-5814-40F5-9910-3EE7431C909F}.Ad-Hoc|iPhone.Deploy.0 = Release|Any CPU
		{0D23138F-5814-40F5-9910-3EE7431C909F}.Ad-Hoc|iPhoneSimulator.ActiveCfg = Release|Any CPU
		{0D23138F-5814-40F5-9910-3EE7431C909F}.Ad-Hoc|iPhoneSimulator.Build.0 = Release|Any CPU
		{0D23138F-5814-40F5-9910-3EE7431C909F}.Ad-Hoc|iPhoneSimulator.Deploy.0 = Release|Any CPU
		{0D23138F-5814-40F5-9910-3EE7431C909F}.Ad-Hoc|x64.ActiveCfg = Release|Any CPU
		{0D23138F-5814-40F5-9910-3EE7431C909F}.Ad-Hoc|x64.Build.0 = Release|Any CPU
		{0D23138F-5814-40F5-9910-3EE7431C909F}.Ad-Hoc|x64.Deploy.0 = Release|Any CPU
		{0D23138F-5814-40F5-9910-3EE7431C909F}.Ad-Hoc|x86.ActiveCfg = Release|Any CPU
		{0D23138F-5814-40F5-9910-3EE7431C909F}.Ad-Hoc|x86.Build.0 = Release|Any CPU
		{0D23138F-5814-40F5-9910-3EE7431C909F}.Ad-Hoc|x86.Deploy.0 = Release|Any CPU
		{0D23138F-5814-40F5-9910-3EE7431C909F}.AppStore|Any CPU.ActiveCfg = Release|Any CPU
		{0D23138F-5814-40F5-9910-3EE7431C909F}.AppStore|Any CPU.Build.0 = Release|Any CPU
		{0D23138F-5814-40F5-9910-3EE7431C909F}.AppStore|Any CPU.Deploy.0 = Release|Any CPU
		{0D23138F-5814-40F5-9910-3EE7431C909F}.AppStore|ARM.ActiveCfg = Release|Any CPU
		{0D23138F-5814-40F5-9910-3EE7431C909F}.AppStore|ARM.Build.0 = Release|Any CPU
		{0D23138F-5814-40F5-9910-3EE7431C909F}.AppStore|ARM.Deploy.0 = Release|Any CPU
		{0D23138F-5814-40F5-9910-3EE7431C909F}.AppStore|iPhone.ActiveCfg = Release|Any CPU
		{0D23138F-5814-40F5-9910-3EE7431C909F}.AppStore|iPhone.Build.0 = Release|Any CPU
		{0D23138F-5814-40F5-9910-3EE7431C909F}.AppStore|iPhone.Deploy.0 = Release|Any CPU
		{0D23138F-5814-40F5-9910-3EE7431C909F}.AppStore|iPhoneSimulator.ActiveCfg = Release|Any CPU
		{0D23138F-5814-40F5-9910-3EE7431C909F}.AppStore|iPhoneSimulator.Build.0 = Release|Any CPU
		{0D23138F-5814-40F5-9910-3EE7431C909F}.AppStore|iPhoneSimulator.Deploy.0 = Release|Any CPU
		{0D23138F-5814-40F5-9910-3EE7431C909F}.AppStore|x64.ActiveCfg = Release|Any CPU
		{0D23138F-5814-40F5-9910-3EE7431C909F}.AppStore|x64.Build.0 = Release|Any CPU
		{0D23138F-5814-40F5-9910-3EE7431C909F}.AppStore|x64.Deploy.0 = Release|Any CPU
		{0D23138F-5814-40F5-9910-3EE7431C909F}.AppStore|x86.ActiveCfg = Release|Any CPU
		{0D23138F-5814-40F5-9910-3EE7431C909F}.AppStore|x86.Build.0 = Release|Any CPU
		{0D23138F-5814-40F5-9910-3EE7431C909F}.AppStore|x86.Deploy.0 = Release|Any CPU
		{0D23138F-5814-40F5-9910-3EE7431C909F}.Debug|Any CPU.ActiveCfg = Debug|Any CPU
		{0D23138F-5814-40F5-9910-3EE7431C909F}.Debug|Any CPU.Build.0 = Debug|Any CPU
		{0D23138F-5814-40F5-9910-3EE7431C909F}.Debug|Any CPU.Deploy.0 = Debug|Any CPU
		{0D23138F-5814-40F5-9910-3EE7431C909F}.Debug|ARM.ActiveCfg = Debug|Any CPU
		{0D23138F-5814-40F5-9910-3EE7431C909F}.Debug|ARM.Build.0 = Debug|Any CPU
		{0D23138F-5814-40F5-9910-3EE7431C909F}.Debug|ARM.Deploy.0 = Debug|Any CPU
		{0D23138F-5814-40F5-9910-3EE7431C909F}.Debug|iPhone.ActiveCfg = Debug|Any CPU
		{0D23138F-5814-40F5-9910-3EE7431C909F}.Debug|iPhone.Build.0 = Debug|Any CPU
		{0D23138F-5814-40F5-9910-3EE7431C909F}.Debug|iPhone.Deploy.0 = Debug|Any CPU
		{0D23138F-5814-40F5-9910-3EE7431C909F}.Debug|iPhoneSimulator.ActiveCfg = Debug|Any CPU
		{0D23138F-5814-40F5-9910-3EE7431C909F}.Debug|iPhoneSimulator.Build.0 = Debug|Any CPU
		{0D23138F-5814-40F5-9910-3EE7431C909F}.Debug|iPhoneSimulator.Deploy.0 = Debug|Any CPU
		{0D23138F-5814-40F5-9910-3EE7431C909F}.Debug|x64.ActiveCfg = Debug|Any CPU
		{0D23138F-5814-40F5-9910-3EE7431C909F}.Debug|x64.Build.0 = Debug|Any CPU
		{0D23138F-5814-40F5-9910-3EE7431C909F}.Debug|x64.Deploy.0 = Debug|Any CPU
		{0D23138F-5814-40F5-9910-3EE7431C909F}.Debug|x86.ActiveCfg = Debug|Any CPU
		{0D23138F-5814-40F5-9910-3EE7431C909F}.Debug|x86.Build.0 = Debug|Any CPU
		{0D23138F-5814-40F5-9910-3EE7431C909F}.Debug|x86.Deploy.0 = Debug|Any CPU
		{0D23138F-5814-40F5-9910-3EE7431C909F}.Release|Any CPU.ActiveCfg = Release|Any CPU
		{0D23138F-5814-40F5-9910-3EE7431C909F}.Release|Any CPU.Build.0 = Release|Any CPU
		{0D23138F-5814-40F5-9910-3EE7431C909F}.Release|Any CPU.Deploy.0 = Release|Any CPU
		{0D23138F-5814-40F5-9910-3EE7431C909F}.Release|ARM.ActiveCfg = Release|Any CPU
		{0D23138F-5814-40F5-9910-3EE7431C909F}.Release|ARM.Build.0 = Release|Any CPU
		{0D23138F-5814-40F5-9910-3EE7431C909F}.Release|ARM.Deploy.0 = Release|Any CPU
		{0D23138F-5814-40F5-9910-3EE7431C909F}.Release|iPhone.ActiveCfg = Release|Any CPU
		{0D23138F-5814-40F5-9910-3EE7431C909F}.Release|iPhone.Build.0 = Release|Any CPU
		{0D23138F-5814-40F5-9910-3EE7431C909F}.Release|iPhone.Deploy.0 = Release|Any CPU
		{0D23138F-5814-40F5-9910-3EE7431C909F}.Release|iPhoneSimulator.ActiveCfg = Release|Any CPU
		{0D23138F-5814-40F5-9910-3EE7431C909F}.Release|iPhoneSimulator.Build.0 = Release|Any CPU
		{0D23138F-5814-40F5-9910-3EE7431C909F}.Release|iPhoneSimulator.Deploy.0 = Release|Any CPU
		{0D23138F-5814-40F5-9910-3EE7431C909F}.Release|x64.ActiveCfg = Release|Any CPU
		{0D23138F-5814-40F5-9910-3EE7431C909F}.Release|x64.Build.0 = Release|Any CPU
		{0D23138F-5814-40F5-9910-3EE7431C909F}.Release|x64.Deploy.0 = Release|Any CPU
		{0D23138F-5814-40F5-9910-3EE7431C909F}.Release|x86.ActiveCfg = Release|Any CPU
		{0D23138F-5814-40F5-9910-3EE7431C909F}.Release|x86.Build.0 = Release|Any CPU
		{0D23138F-5814-40F5-9910-3EE7431C909F}.Release|x86.Deploy.0 = Release|Any CPU
		{2CC8641D-AD4C-479C-8EC9-163B6F7AD60E}.Ad-Hoc|Any CPU.ActiveCfg = Release|Any CPU
		{2CC8641D-AD4C-479C-8EC9-163B6F7AD60E}.Ad-Hoc|Any CPU.Build.0 = Release|Any CPU
		{2CC8641D-AD4C-479C-8EC9-163B6F7AD60E}.Ad-Hoc|ARM.ActiveCfg = Release|Any CPU
		{2CC8641D-AD4C-479C-8EC9-163B6F7AD60E}.Ad-Hoc|ARM.Build.0 = Release|Any CPU
		{2CC8641D-AD4C-479C-8EC9-163B6F7AD60E}.Ad-Hoc|iPhone.ActiveCfg = Release|Any CPU
		{2CC8641D-AD4C-479C-8EC9-163B6F7AD60E}.Ad-Hoc|iPhone.Build.0 = Release|Any CPU
		{2CC8641D-AD4C-479C-8EC9-163B6F7AD60E}.Ad-Hoc|iPhoneSimulator.ActiveCfg = Release|Any CPU
		{2CC8641D-AD4C-479C-8EC9-163B6F7AD60E}.Ad-Hoc|iPhoneSimulator.Build.0 = Release|Any CPU
		{2CC8641D-AD4C-479C-8EC9-163B6F7AD60E}.Ad-Hoc|x64.ActiveCfg = Release|Any CPU
		{2CC8641D-AD4C-479C-8EC9-163B6F7AD60E}.Ad-Hoc|x64.Build.0 = Release|Any CPU
		{2CC8641D-AD4C-479C-8EC9-163B6F7AD60E}.Ad-Hoc|x86.ActiveCfg = Release|Any CPU
		{2CC8641D-AD4C-479C-8EC9-163B6F7AD60E}.Ad-Hoc|x86.Build.0 = Release|Any CPU
		{2CC8641D-AD4C-479C-8EC9-163B6F7AD60E}.AppStore|Any CPU.ActiveCfg = Release|Any CPU
		{2CC8641D-AD4C-479C-8EC9-163B6F7AD60E}.AppStore|Any CPU.Build.0 = Release|Any CPU
		{2CC8641D-AD4C-479C-8EC9-163B6F7AD60E}.AppStore|ARM.ActiveCfg = Release|Any CPU
		{2CC8641D-AD4C-479C-8EC9-163B6F7AD60E}.AppStore|ARM.Build.0 = Release|Any CPU
		{2CC8641D-AD4C-479C-8EC9-163B6F7AD60E}.AppStore|iPhone.ActiveCfg = Release|Any CPU
		{2CC8641D-AD4C-479C-8EC9-163B6F7AD60E}.AppStore|iPhone.Build.0 = Release|Any CPU
		{2CC8641D-AD4C-479C-8EC9-163B6F7AD60E}.AppStore|iPhoneSimulator.ActiveCfg = Release|Any CPU
		{2CC8641D-AD4C-479C-8EC9-163B6F7AD60E}.AppStore|iPhoneSimulator.Build.0 = Release|Any CPU
		{2CC8641D-AD4C-479C-8EC9-163B6F7AD60E}.AppStore|x64.ActiveCfg = Release|Any CPU
		{2CC8641D-AD4C-479C-8EC9-163B6F7AD60E}.AppStore|x64.Build.0 = Release|Any CPU
		{2CC8641D-AD4C-479C-8EC9-163B6F7AD60E}.AppStore|x86.ActiveCfg = Release|Any CPU
		{2CC8641D-AD4C-479C-8EC9-163B6F7AD60E}.AppStore|x86.Build.0 = Release|Any CPU
		{2CC8641D-AD4C-479C-8EC9-163B6F7AD60E}.Debug|Any CPU.ActiveCfg = Debug|Any CPU
		{2CC8641D-AD4C-479C-8EC9-163B6F7AD60E}.Debug|Any CPU.Build.0 = Debug|Any CPU
		{2CC8641D-AD4C-479C-8EC9-163B6F7AD60E}.Debug|ARM.ActiveCfg = Debug|Any CPU
		{2CC8641D-AD4C-479C-8EC9-163B6F7AD60E}.Debug|ARM.Build.0 = Debug|Any CPU
		{2CC8641D-AD4C-479C-8EC9-163B6F7AD60E}.Debug|iPhone.ActiveCfg = Debug|Any CPU
		{2CC8641D-AD4C-479C-8EC9-163B6F7AD60E}.Debug|iPhone.Build.0 = Debug|Any CPU
		{2CC8641D-AD4C-479C-8EC9-163B6F7AD60E}.Debug|iPhoneSimulator.ActiveCfg = Debug|Any CPU
		{2CC8641D-AD4C-479C-8EC9-163B6F7AD60E}.Debug|iPhoneSimulator.Build.0 = Debug|Any CPU
		{2CC8641D-AD4C-479C-8EC9-163B6F7AD60E}.Debug|x64.ActiveCfg = Debug|Any CPU
		{2CC8641D-AD4C-479C-8EC9-163B6F7AD60E}.Debug|x64.Build.0 = Debug|Any CPU
		{2CC8641D-AD4C-479C-8EC9-163B6F7AD60E}.Debug|x86.ActiveCfg = Debug|Any CPU
		{2CC8641D-AD4C-479C-8EC9-163B6F7AD60E}.Debug|x86.Build.0 = Debug|Any CPU
		{2CC8641D-AD4C-479C-8EC9-163B6F7AD60E}.Release|Any CPU.ActiveCfg = Release|Any CPU
		{2CC8641D-AD4C-479C-8EC9-163B6F7AD60E}.Release|Any CPU.Build.0 = Release|Any CPU
		{2CC8641D-AD4C-479C-8EC9-163B6F7AD60E}.Release|ARM.ActiveCfg = Release|Any CPU
		{2CC8641D-AD4C-479C-8EC9-163B6F7AD60E}.Release|ARM.Build.0 = Release|Any CPU
		{2CC8641D-AD4C-479C-8EC9-163B6F7AD60E}.Release|iPhone.ActiveCfg = Release|Any CPU
		{2CC8641D-AD4C-479C-8EC9-163B6F7AD60E}.Release|iPhone.Build.0 = Release|Any CPU
		{2CC8641D-AD4C-479C-8EC9-163B6F7AD60E}.Release|iPhoneSimulator.ActiveCfg = Release|Any CPU
		{2CC8641D-AD4C-479C-8EC9-163B6F7AD60E}.Release|iPhoneSimulator.Build.0 = Release|Any CPU
		{2CC8641D-AD4C-479C-8EC9-163B6F7AD60E}.Release|x64.ActiveCfg = Release|Any CPU
		{2CC8641D-AD4C-479C-8EC9-163B6F7AD60E}.Release|x64.Build.0 = Release|Any CPU
		{2CC8641D-AD4C-479C-8EC9-163B6F7AD60E}.Release|x86.ActiveCfg = Release|Any CPU
		{2CC8641D-AD4C-479C-8EC9-163B6F7AD60E}.Release|x86.Build.0 = Release|Any CPU
		{E242869B-F364-4E04-9425-4F883DABF24E}.Ad-Hoc|Any CPU.ActiveCfg = Release|x86
		{E242869B-F364-4E04-9425-4F883DABF24E}.Ad-Hoc|Any CPU.Build.0 = Release|x86
		{E242869B-F364-4E04-9425-4F883DABF24E}.Ad-Hoc|Any CPU.Deploy.0 = Release|x86
		{E242869B-F364-4E04-9425-4F883DABF24E}.Ad-Hoc|ARM.ActiveCfg = Release|ARM
		{E242869B-F364-4E04-9425-4F883DABF24E}.Ad-Hoc|ARM.Build.0 = Release|ARM
		{E242869B-F364-4E04-9425-4F883DABF24E}.Ad-Hoc|ARM.Deploy.0 = Release|ARM
		{E242869B-F364-4E04-9425-4F883DABF24E}.Ad-Hoc|iPhone.ActiveCfg = Release|x86
		{E242869B-F364-4E04-9425-4F883DABF24E}.Ad-Hoc|iPhone.Build.0 = Release|x86
		{E242869B-F364-4E04-9425-4F883DABF24E}.Ad-Hoc|iPhone.Deploy.0 = Release|x86
		{E242869B-F364-4E04-9425-4F883DABF24E}.Ad-Hoc|iPhoneSimulator.ActiveCfg = Release|x86
		{E242869B-F364-4E04-9425-4F883DABF24E}.Ad-Hoc|iPhoneSimulator.Build.0 = Release|x86
		{E242869B-F364-4E04-9425-4F883DABF24E}.Ad-Hoc|iPhoneSimulator.Deploy.0 = Release|x86
		{E242869B-F364-4E04-9425-4F883DABF24E}.Ad-Hoc|x64.ActiveCfg = Release|x64
		{E242869B-F364-4E04-9425-4F883DABF24E}.Ad-Hoc|x64.Build.0 = Release|x64
		{E242869B-F364-4E04-9425-4F883DABF24E}.Ad-Hoc|x64.Deploy.0 = Release|x64
		{E242869B-F364-4E04-9425-4F883DABF24E}.Ad-Hoc|x86.ActiveCfg = Release|x86
		{E242869B-F364-4E04-9425-4F883DABF24E}.Ad-Hoc|x86.Build.0 = Release|x86
		{E242869B-F364-4E04-9425-4F883DABF24E}.Ad-Hoc|x86.Deploy.0 = Release|x86
		{E242869B-F364-4E04-9425-4F883DABF24E}.AppStore|Any CPU.ActiveCfg = Release|x86
		{E242869B-F364-4E04-9425-4F883DABF24E}.AppStore|Any CPU.Build.0 = Release|x86
		{E242869B-F364-4E04-9425-4F883DABF24E}.AppStore|Any CPU.Deploy.0 = Release|x86
		{E242869B-F364-4E04-9425-4F883DABF24E}.AppStore|ARM.ActiveCfg = Release|ARM
		{E242869B-F364-4E04-9425-4F883DABF24E}.AppStore|ARM.Build.0 = Release|ARM
		{E242869B-F364-4E04-9425-4F883DABF24E}.AppStore|ARM.Deploy.0 = Release|ARM
		{E242869B-F364-4E04-9425-4F883DABF24E}.AppStore|iPhone.ActiveCfg = Release|x86
		{E242869B-F364-4E04-9425-4F883DABF24E}.AppStore|iPhone.Build.0 = Release|x86
		{E242869B-F364-4E04-9425-4F883DABF24E}.AppStore|iPhone.Deploy.0 = Release|x86
		{E242869B-F364-4E04-9425-4F883DABF24E}.AppStore|iPhoneSimulator.ActiveCfg = Release|x86
		{E242869B-F364-4E04-9425-4F883DABF24E}.AppStore|iPhoneSimulator.Build.0 = Release|x86
		{E242869B-F364-4E04-9425-4F883DABF24E}.AppStore|iPhoneSimulator.Deploy.0 = Release|x86
		{E242869B-F364-4E04-9425-4F883DABF24E}.AppStore|x64.ActiveCfg = Release|x64
		{E242869B-F364-4E04-9425-4F883DABF24E}.AppStore|x64.Build.0 = Release|x64
		{E242869B-F364-4E04-9425-4F883DABF24E}.AppStore|x64.Deploy.0 = Release|x64
		{E242869B-F364-4E04-9425-4F883DABF24E}.AppStore|x86.ActiveCfg = Release|x86
		{E242869B-F364-4E04-9425-4F883DABF24E}.AppStore|x86.Build.0 = Release|x86
		{E242869B-F364-4E04-9425-4F883DABF24E}.AppStore|x86.Deploy.0 = Release|x86
		{E242869B-F364-4E04-9425-4F883DABF24E}.Debug|Any CPU.ActiveCfg = Debug|x86
		{E242869B-F364-4E04-9425-4F883DABF24E}.Debug|ARM.ActiveCfg = Debug|ARM
		{E242869B-F364-4E04-9425-4F883DABF24E}.Debug|ARM.Build.0 = Debug|ARM
		{E242869B-F364-4E04-9425-4F883DABF24E}.Debug|ARM.Deploy.0 = Debug|ARM
		{E242869B-F364-4E04-9425-4F883DABF24E}.Debug|iPhone.ActiveCfg = Debug|x86
		{E242869B-F364-4E04-9425-4F883DABF24E}.Debug|iPhoneSimulator.ActiveCfg = Debug|x86
		{E242869B-F364-4E04-9425-4F883DABF24E}.Debug|x64.ActiveCfg = Debug|x64
		{E242869B-F364-4E04-9425-4F883DABF24E}.Debug|x64.Build.0 = Debug|x64
		{E242869B-F364-4E04-9425-4F883DABF24E}.Debug|x64.Deploy.0 = Debug|x64
		{E242869B-F364-4E04-9425-4F883DABF24E}.Debug|x86.ActiveCfg = Debug|x86
		{E242869B-F364-4E04-9425-4F883DABF24E}.Debug|x86.Build.0 = Debug|x86
		{E242869B-F364-4E04-9425-4F883DABF24E}.Debug|x86.Deploy.0 = Debug|x86
		{E242869B-F364-4E04-9425-4F883DABF24E}.Release|Any CPU.ActiveCfg = Release|x86
		{E242869B-F364-4E04-9425-4F883DABF24E}.Release|ARM.ActiveCfg = Release|ARM
		{E242869B-F364-4E04-9425-4F883DABF24E}.Release|ARM.Build.0 = Release|ARM
		{E242869B-F364-4E04-9425-4F883DABF24E}.Release|ARM.Deploy.0 = Release|ARM
		{E242869B-F364-4E04-9425-4F883DABF24E}.Release|iPhone.ActiveCfg = Release|x86
		{E242869B-F364-4E04-9425-4F883DABF24E}.Release|iPhoneSimulator.ActiveCfg = Release|x86
		{E242869B-F364-4E04-9425-4F883DABF24E}.Release|x64.ActiveCfg = Release|x64
		{E242869B-F364-4E04-9425-4F883DABF24E}.Release|x64.Build.0 = Release|x64
		{E242869B-F364-4E04-9425-4F883DABF24E}.Release|x64.Deploy.0 = Release|x64
		{E242869B-F364-4E04-9425-4F883DABF24E}.Release|x86.ActiveCfg = Release|x86
		{E242869B-F364-4E04-9425-4F883DABF24E}.Release|x86.Build.0 = Release|x86
		{E242869B-F364-4E04-9425-4F883DABF24E}.Release|x86.Deploy.0 = Release|x86
		{46211899-A7EB-4496-95BC-057997F5736B}.Ad-Hoc|Any CPU.ActiveCfg = Ad-Hoc|iPhone
		{46211899-A7EB-4496-95BC-057997F5736B}.Ad-Hoc|ARM.ActiveCfg = Ad-Hoc|iPhone
		{46211899-A7EB-4496-95BC-057997F5736B}.Ad-Hoc|iPhone.ActiveCfg = Ad-Hoc|iPhone
		{46211899-A7EB-4496-95BC-057997F5736B}.Ad-Hoc|iPhone.Build.0 = Ad-Hoc|iPhone
		{46211899-A7EB-4496-95BC-057997F5736B}.Ad-Hoc|iPhoneSimulator.ActiveCfg = Ad-Hoc|iPhoneSimulator
		{46211899-A7EB-4496-95BC-057997F5736B}.Ad-Hoc|iPhoneSimulator.Build.0 = Ad-Hoc|iPhoneSimulator
		{46211899-A7EB-4496-95BC-057997F5736B}.Ad-Hoc|x64.ActiveCfg = Ad-Hoc|iPhone
		{46211899-A7EB-4496-95BC-057997F5736B}.Ad-Hoc|x86.ActiveCfg = Ad-Hoc|iPhone
		{46211899-A7EB-4496-95BC-057997F5736B}.AppStore|Any CPU.ActiveCfg = AppStore|iPhone
		{46211899-A7EB-4496-95BC-057997F5736B}.AppStore|ARM.ActiveCfg = AppStore|iPhone
		{46211899-A7EB-4496-95BC-057997F5736B}.AppStore|iPhone.ActiveCfg = AppStore|iPhone
		{46211899-A7EB-4496-95BC-057997F5736B}.AppStore|iPhone.Build.0 = AppStore|iPhone
		{46211899-A7EB-4496-95BC-057997F5736B}.AppStore|iPhoneSimulator.ActiveCfg = AppStore|iPhoneSimulator
		{46211899-A7EB-4496-95BC-057997F5736B}.AppStore|iPhoneSimulator.Build.0 = AppStore|iPhoneSimulator
		{46211899-A7EB-4496-95BC-057997F5736B}.AppStore|x64.ActiveCfg = AppStore|iPhone
		{46211899-A7EB-4496-95BC-057997F5736B}.AppStore|x86.ActiveCfg = AppStore|iPhone
		{46211899-A7EB-4496-95BC-057997F5736B}.Debug|Any CPU.ActiveCfg = Debug|iPhone
		{46211899-A7EB-4496-95BC-057997F5736B}.Debug|ARM.ActiveCfg = Debug|iPhone
		{46211899-A7EB-4496-95BC-057997F5736B}.Debug|iPhone.ActiveCfg = Debug|iPhone
		{46211899-A7EB-4496-95BC-057997F5736B}.Debug|iPhone.Build.0 = Debug|iPhone
		{46211899-A7EB-4496-95BC-057997F5736B}.Debug|iPhoneSimulator.ActiveCfg = Debug|iPhoneSimulator
		{46211899-A7EB-4496-95BC-057997F5736B}.Debug|iPhoneSimulator.Build.0 = Debug|iPhoneSimulator
		{46211899-A7EB-4496-95BC-057997F5736B}.Debug|x64.ActiveCfg = Debug|iPhone
		{46211899-A7EB-4496-95BC-057997F5736B}.Debug|x86.ActiveCfg = Debug|iPhone
		{46211899-A7EB-4496-95BC-057997F5736B}.Release|Any CPU.ActiveCfg = Release|iPhone
		{46211899-A7EB-4496-95BC-057997F5736B}.Release|ARM.ActiveCfg = Release|iPhone
		{46211899-A7EB-4496-95BC-057997F5736B}.Release|iPhone.ActiveCfg = Release|iPhone
		{46211899-A7EB-4496-95BC-057997F5736B}.Release|iPhone.Build.0 = Release|iPhone
		{46211899-A7EB-4496-95BC-057997F5736B}.Release|iPhoneSimulator.ActiveCfg = Release|iPhoneSimulator
		{46211899-A7EB-4496-95BC-057997F5736B}.Release|iPhoneSimulator.Build.0 = Release|iPhoneSimulator
		{46211899-A7EB-4496-95BC-057997F5736B}.Release|x64.ActiveCfg = Release|iPhone
		{46211899-A7EB-4496-95BC-057997F5736B}.Release|x86.ActiveCfg = Release|iPhone
	EndGlobalSection
	GlobalSection(SolutionProperties) = preSolution
		HideSolutionNode = FALSE
	EndGlobalSection
EndGlobal
